// !$*UTF8*$!
{
	archiveVersion = 1;
	classes = {
	};
	objectVersion = 46;
	objects = {

/* Begin PBXBuildFile section */
		87B1A4B218A2E2BE00D38645 /* Foundation.framework in Frameworks */ = {isa = PBXBuildFile; fileRef = 87B1A4B118A2E2BE00D38645 /* Foundation.framework */; };
		87B1A4B418A2E2BE00D38645 /* CoreGraphics.framework in Frameworks */ = {isa = PBXBuildFile; fileRef = 87B1A4B318A2E2BE00D38645 /* CoreGraphics.framework */; };
		87B1A4B618A2E2BE00D38645 /* UIKit.framework in Frameworks */ = {isa = PBXBuildFile; fileRef = 87B1A4B518A2E2BE00D38645 /* UIKit.framework */; };
		87B1A4B818A2E2BE00D38645 /* SpriteKit.framework in Frameworks */ = {isa = PBXBuildFile; fileRef = 87B1A4B718A2E2BE00D38645 /* SpriteKit.framework */; };
		87B1A4BE18A2E2BE00D38645 /* InfoPlist.strings in Resources */ = {isa = PBXBuildFile; fileRef = 87B1A4BC18A2E2BE00D38645 /* InfoPlist.strings */; };
		87B1A4C018A2E2BE00D38645 /* main.m in Sources */ = {isa = PBXBuildFile; fileRef = 87B1A4BF18A2E2BE00D38645 /* main.m */; };
		87B1A4C418A2E2BE00D38645 /* AppDelegate.m in Sources */ = {isa = PBXBuildFile; fileRef = 87B1A4C318A2E2BE00D38645 /* AppDelegate.m */; };
		87B1A4C718A2E2BE00D38645 /* Main.storyboard in Resources */ = {isa = PBXBuildFile; fileRef = 87B1A4C518A2E2BE00D38645 /* Main.storyboard */; };
		87B1A4CA18A2E2BE00D38645 /* ViewController.m in Sources */ = {isa = PBXBuildFile; fileRef = 87B1A4C918A2E2BE00D38645 /* ViewController.m */; };
		87B1A4CD18A2E2BE00D38645 /* MyScene.m in Sources */ = {isa = PBXBuildFile; fileRef = 87B1A4CC18A2E2BE00D38645 /* MyScene.m */; };
		87B1A4CF18A2E2BE00D38645 /* Spaceship.png in Resources */ = {isa = PBXBuildFile; fileRef = 87B1A4CE18A2E2BE00D38645 /* Spaceship.png */; };
		87B1A4D118A2E2BE00D38645 /* Images.xcassets in Resources */ = {isa = PBXBuildFile; fileRef = 87B1A4D018A2E2BE00D38645 /* Images.xcassets */; };
		87B1A4D818A2E2BE00D38645 /* XCTest.framework in Frameworks */ = {isa = PBXBuildFile; fileRef = 87B1A4D718A2E2BE00D38645 /* XCTest.framework */; };
		87B1A4D918A2E2BE00D38645 /* Foundation.framework in Frameworks */ = {isa = PBXBuildFile; fileRef = 87B1A4B118A2E2BE00D38645 /* Foundation.framework */; };
		87B1A4DA18A2E2BE00D38645 /* UIKit.framework in Frameworks */ = {isa = PBXBuildFile; fileRef = 87B1A4B518A2E2BE00D38645 /* UIKit.framework */; };
		87B1A4E218A2E2BE00D38645 /* InfoPlist.strings in Resources */ = {isa = PBXBuildFile; fileRef = 87B1A4E018A2E2BE00D38645 /* InfoPlist.strings */; };
		87B1A4E418A2E2BE00D38645 /* BattleshipAppTests.m in Sources */ = {isa = PBXBuildFile; fileRef = 87B1A4E318A2E2BE00D38645 /* BattleshipAppTests.m */; };
/* End PBXBuildFile section */

/* Begin PBXContainerItemProxy section */
		87B1A4DB18A2E2BE00D38645 /* PBXContainerItemProxy */ = {
			isa = PBXContainerItemProxy;
			containerPortal = 87B1A4A618A2E2BE00D38645 /* Project object */;
			proxyType = 1;
			remoteGlobalIDString = 87B1A4AD18A2E2BE00D38645;
			remoteInfo = BattleshipApp;
		};
/* End PBXContainerItemProxy section */

/* Begin PBXFileReference section */
		87B1A4AE18A2E2BE00D38645 /* BattleshipApp.app */ = {isa = PBXFileReference; explicitFileType = wrapper.application; includeInIndex = 0; path = BattleshipApp.app; sourceTree = BUILT_PRODUCTS_DIR; };
		87B1A4B118A2E2BE00D38645 /* Foundation.framework */ = {isa = PBXFileReference; lastKnownFileType = wrapper.framework; name = Foundation.framework; path = System/Library/Frameworks/Foundation.framework; sourceTree = SDKROOT; };
		87B1A4B318A2E2BE00D38645 /* CoreGraphics.framework */ = {isa = PBXFileReference; lastKnownFileType = wrapper.framework; name = CoreGraphics.framework; path = System/Library/Frameworks/CoreGraphics.framework; sourceTree = SDKROOT; };
		87B1A4B518A2E2BE00D38645 /* UIKit.framework */ = {isa = PBXFileReference; lastKnownFileType = wrapper.framework; name = UIKit.framework; path = System/Library/Frameworks/UIKit.framework; sourceTree = SDKROOT; };
		87B1A4B718A2E2BE00D38645 /* SpriteKit.framework */ = {isa = PBXFileReference; lastKnownFileType = wrapper.framework; name = SpriteKit.framework; path = System/Library/Frameworks/SpriteKit.framework; sourceTree = SDKROOT; };
		87B1A4BB18A2E2BE00D38645 /* BattleshipApp-Info.plist */ = {isa = PBXFileReference; lastKnownFileType = text.plist.xml; path = "BattleshipApp-Info.plist"; sourceTree = "<group>"; };
		87B1A4BD18A2E2BE00D38645 /* en */ = {isa = PBXFileReference; lastKnownFileType = text.plist.strings; name = en; path = en.lproj/InfoPlist.strings; sourceTree = "<group>"; };
		87B1A4BF18A2E2BE00D38645 /* main.m */ = {isa = PBXFileReference; lastKnownFileType = sourcecode.c.objc; path = main.m; sourceTree = "<group>"; };
		87B1A4C118A2E2BE00D38645 /* BattleshipApp-Prefix.pch */ = {isa = PBXFileReference; lastKnownFileType = sourcecode.c.h; path = "BattleshipApp-Prefix.pch"; sourceTree = "<group>"; };
		87B1A4C218A2E2BE00D38645 /* AppDelegate.h */ = {isa = PBXFileReference; lastKnownFileType = sourcecode.c.h; path = AppDelegate.h; sourceTree = "<group>"; };
		87B1A4C318A2E2BE00D38645 /* AppDelegate.m */ = {isa = PBXFileReference; lastKnownFileType = sourcecode.c.objc; path = AppDelegate.m; sourceTree = "<group>"; };
		87B1A4C618A2E2BE00D38645 /* Base */ = {isa = PBXFileReference; lastKnownFileType = file.storyboard; name = Base; path = Base.lproj/Main.storyboard; sourceTree = "<group>"; };
		87B1A4C818A2E2BE00D38645 /* ViewController.h */ = {isa = PBXFileReference; lastKnownFileType = sourcecode.c.h; path = ViewController.h; sourceTree = "<group>"; };
		87B1A4C918A2E2BE00D38645 /* ViewController.m */ = {isa = PBXFileReference; lastKnownFileType = sourcecode.c.objc; path = ViewController.m; sourceTree = "<group>"; };
		87B1A4CB18A2E2BE00D38645 /* MyScene.h */ = {isa = PBXFileReference; lastKnownFileType = sourcecode.c.h; path = MyScene.h; sourceTree = "<group>"; };
		87B1A4CC18A2E2BE00D38645 /* MyScene.m */ = {isa = PBXFileReference; lastKnownFileType = sourcecode.c.objc; path = MyScene.m; sourceTree = "<group>"; };
		87B1A4CE18A2E2BE00D38645 /* Spaceship.png */ = {isa = PBXFileReference; lastKnownFileType = image.png; path = Spaceship.png; sourceTree = "<group>"; };
		87B1A4D018A2E2BE00D38645 /* Images.xcassets */ = {isa = PBXFileReference; lastKnownFileType = folder.assetcatalog; path = Images.xcassets; sourceTree = "<group>"; };
		87B1A4D618A2E2BE00D38645 /* BattleshipAppTests.xctest */ = {isa = PBXFileReference; explicitFileType = wrapper.cfbundle; includeInIndex = 0; path = BattleshipAppTests.xctest; sourceTree = BUILT_PRODUCTS_DIR; };
		87B1A4D718A2E2BE00D38645 /* XCTest.framework */ = {isa = PBXFileReference; lastKnownFileType = wrapper.framework; name = XCTest.framework; path = Library/Frameworks/XCTest.framework; sourceTree = DEVELOPER_DIR; };
		87B1A4DF18A2E2BE00D38645 /* BattleshipAppTests-Info.plist */ = {isa = PBXFileReference; lastKnownFileType = text.plist.xml; path = "BattleshipAppTests-Info.plist"; sourceTree = "<group>"; };
		87B1A4E118A2E2BE00D38645 /* en */ = {isa = PBXFileReference; lastKnownFileType = text.plist.strings; name = en; path = en.lproj/InfoPlist.strings; sourceTree = "<group>"; };
		87B1A4E318A2E2BE00D38645 /* BattleshipAppTests.m */ = {isa = PBXFileReference; lastKnownFileType = sourcecode.c.objc; path = BattleshipAppTests.m; sourceTree = "<group>"; };
/* End PBXFileReference section */

/* Begin PBXFrameworksBuildPhase section */
		87B1A4AB18A2E2BE00D38645 /* Frameworks */ = {
			isa = PBXFrameworksBuildPhase;
			buildActionMask = 2147483647;
			files = (
				87B1A4B418A2E2BE00D38645 /* CoreGraphics.framework in Frameworks */,
				87B1A4B618A2E2BE00D38645 /* UIKit.framework in Frameworks */,
				87B1A4B818A2E2BE00D38645 /* SpriteKit.framework in Frameworks */,
				87B1A4B218A2E2BE00D38645 /* Foundation.framework in Frameworks */,
			);
			runOnlyForDeploymentPostprocessing = 0;
		};
		87B1A4D318A2E2BE00D38645 /* Frameworks */ = {
			isa = PBXFrameworksBuildPhase;
			buildActionMask = 2147483647;
			files = (
				87B1A4D818A2E2BE00D38645 /* XCTest.framework in Frameworks */,
				87B1A4DA18A2E2BE00D38645 /* UIKit.framework in Frameworks */,
				87B1A4D918A2E2BE00D38645 /* Foundation.framework in Frameworks */,
			);
			runOnlyForDeploymentPostprocessing = 0;
		};
/* End PBXFrameworksBuildPhase section */

/* Begin PBXGroup section */
		87B1A4A518A2E2BE00D38645 = {
			isa = PBXGroup;
			children = (
				87B1A4B918A2E2BE00D38645 /* BattleshipApp */,
				87B1A4DD18A2E2BE00D38645 /* BattleshipAppTests */,
				87B1A4B018A2E2BE00D38645 /* Frameworks */,
				87B1A4AF18A2E2BE00D38645 /* Products */,
			);
			sourceTree = "<group>";
		};
		87B1A4AF18A2E2BE00D38645 /* Products */ = {
			isa = PBXGroup;
			children = (
				87B1A4AE18A2E2BE00D38645 /* BattleshipApp.app */,
				87B1A4D618A2E2BE00D38645 /* BattleshipAppTests.xctest */,
			);
			name = Products;
			sourceTree = "<group>";
		};
		87B1A4B018A2E2BE00D38645 /* Frameworks */ = {
			isa = PBXGroup;
			children = (
				87B1A4B118A2E2BE00D38645 /* Foundation.framework */,
				87B1A4B318A2E2BE00D38645 /* CoreGraphics.framework */,
				87B1A4B518A2E2BE00D38645 /* UIKit.framework */,
				87B1A4B718A2E2BE00D38645 /* SpriteKit.framework */,
				87B1A4D718A2E2BE00D38645 /* XCTest.framework */,
			);
			name = Frameworks;
			sourceTree = "<group>";
		};
		87B1A4B918A2E2BE00D38645 /* BattleshipApp */ = {
			isa = PBXGroup;
			children = (
				87B1A4C218A2E2BE00D38645 /* AppDelegate.h */,
				87B1A4C318A2E2BE00D38645 /* AppDelegate.m */,
				87B1A4C518A2E2BE00D38645 /* Main.storyboard */,
				87B1A4C818A2E2BE00D38645 /* ViewController.h */,
				87B1A4C918A2E2BE00D38645 /* ViewController.m */,
				87B1A4CB18A2E2BE00D38645 /* MyScene.h */,
				87B1A4CC18A2E2BE00D38645 /* MyScene.m */,
				87B1A4CE18A2E2BE00D38645 /* Spaceship.png */,
				87B1A4D018A2E2BE00D38645 /* Images.xcassets */,
				87B1A4BA18A2E2BE00D38645 /* Supporting Files */,
			);
			path = BattleshipApp;
			sourceTree = "<group>";
		};
		87B1A4BA18A2E2BE00D38645 /* Supporting Files */ = {
			isa = PBXGroup;
			children = (
				87B1A4BB18A2E2BE00D38645 /* BattleshipApp-Info.plist */,
				87B1A4BC18A2E2BE00D38645 /* InfoPlist.strings */,
				87B1A4BF18A2E2BE00D38645 /* main.m */,
				87B1A4C118A2E2BE00D38645 /* BattleshipApp-Prefix.pch */,
			);
			name = "Supporting Files";
			sourceTree = "<group>";
		};
		87B1A4DD18A2E2BE00D38645 /* BattleshipAppTests */ = {
			isa = PBXGroup;
			children = (
				87B1A4E318A2E2BE00D38645 /* BattleshipAppTests.m */,
				87B1A4DE18A2E2BE00D38645 /* Supporting Files */,
			);
			path = BattleshipAppTests;
			sourceTree = "<group>";
		};
		87B1A4DE18A2E2BE00D38645 /* Supporting Files */ = {
			isa = PBXGroup;
			children = (
				87B1A4DF18A2E2BE00D38645 /* BattleshipAppTests-Info.plist */,
				87B1A4E018A2E2BE00D38645 /* InfoPlist.strings */,
			);
			name = "Supporting Files";
			sourceTree = "<group>";
		};
/* End PBXGroup section */

/* Begin PBXNativeTarget section */
		87B1A4AD18A2E2BE00D38645 /* BattleshipApp */ = {
			isa = PBXNativeTarget;
			buildConfigurationList = 87B1A4E718A2E2BE00D38645 /* Build configuration list for PBXNativeTarget "BattleshipApp" */;
			buildPhases = (
				87B1A4AA18A2E2BE00D38645 /* Sources */,
				87B1A4AB18A2E2BE00D38645 /* Frameworks */,
				87B1A4AC18A2E2BE00D38645 /* Resources */,
			);
			buildRules = (
			);
			dependencies = (
			);
			name = BattleshipApp;
			productName = BattleshipApp;
			productReference = 87B1A4AE18A2E2BE00D38645 /* BattleshipApp.app */;
			productType = "com.apple.product-type.application";
		};
		87B1A4D518A2E2BE00D38645 /* BattleshipAppTests */ = {
			isa = PBXNativeTarget;
			buildConfigurationList = 87B1A4EA18A2E2BE00D38645 /* Build configuration list for PBXNativeTarget "BattleshipAppTests" */;
			buildPhases = (
				87B1A4D218A2E2BE00D38645 /* Sources */,
				87B1A4D318A2E2BE00D38645 /* Frameworks */,
				87B1A4D418A2E2BE00D38645 /* Resources */,
			);
			buildRules = (
			);
			dependencies = (
				87B1A4DC18A2E2BE00D38645 /* PBXTargetDependency */,
			);
			name = BattleshipAppTests;
			productName = BattleshipAppTests;
			productReference = 87B1A4D618A2E2BE00D38645 /* BattleshipAppTests.xctest */;
			productType = "com.apple.product-type.bundle.unit-test";
		};
/* End PBXNativeTarget section */

/* Begin PBXProject section */
		87B1A4A618A2E2BE00D38645 /* Project object */ = {
			isa = PBXProject;
			attributes = {
				LastUpgradeCheck = 0500;
				ORGANIZATIONNAME = "COMP-361";
				TargetAttributes = {
					87B1A4D518A2E2BE00D38645 = {
						TestTargetID = 87B1A4AD18A2E2BE00D38645;
					};
				};
			};
			buildConfigurationList = 87B1A4A918A2E2BE00D38645 /* Build configuration list for PBXProject "BattleshipApp" */;
			compatibilityVersion = "Xcode 3.2";
			developmentRegion = English;
			hasScannedForEncodings = 0;
			knownRegions = (
				en,
				Base,
			);
			mainGroup = 87B1A4A518A2E2BE00D38645;
			productRefGroup = 87B1A4AF18A2E2BE00D38645 /* Products */;
			projectDirPath = "";
			projectRoot = "";
			targets = (
				87B1A4AD18A2E2BE00D38645 /* BattleshipApp */,
				87B1A4D518A2E2BE00D38645 /* BattleshipAppTests */,
			);
		};
/* End PBXProject section */

/* Begin PBXResourcesBuildPhase section */
		87B1A4AC18A2E2BE00D38645 /* Resources */ = {
			isa = PBXResourcesBuildPhase;
			buildActionMask = 2147483647;
			files = (
				87B1A4BE18A2E2BE00D38645 /* InfoPlist.strings in Resources */,
				87B1A4D118A2E2BE00D38645 /* Images.xcassets in Resources */,
				87B1A4CF18A2E2BE00D38645 /* Spaceship.png in Resources */,
				87B1A4C718A2E2BE00D38645 /* Main.storyboard in Resources */,
			);
			runOnlyForDeploymentPostprocessing = 0;
		};
		87B1A4D418A2E2BE00D38645 /* Resources */ = {
			isa = PBXResourcesBuildPhase;
			buildActionMask = 2147483647;
			files = (
				87B1A4E218A2E2BE00D38645 /* InfoPlist.strings in Resources */,
			);
			runOnlyForDeploymentPostprocessing = 0;
		};
/* End PBXResourcesBuildPhase section */

/* Begin PBXSourcesBuildPhase section */
		87B1A4AA18A2E2BE00D38645 /* Sources */ = {
			isa = PBXSourcesBuildPhase;
			buildActionMask = 2147483647;
			files = (
				87B1A4CD18A2E2BE00D38645 /* MyScene.m in Sources */,
				87B1A4CA18A2E2BE00D38645 /* ViewController.m in Sources */,
				87B1A4C418A2E2BE00D38645 /* AppDelegate.m in Sources */,
				87B1A4C018A2E2BE00D38645 /* main.m in Sources */,
			);
			runOnlyForDeploymentPostprocessing = 0;
		};
		87B1A4D218A2E2BE00D38645 /* Sources */ = {
			isa = PBXSourcesBuildPhase;
			buildActionMask = 2147483647;
			files = (
				87B1A4E418A2E2BE00D38645 /* BattleshipAppTests.m in Sources */,
			);
			runOnlyForDeploymentPostprocessing = 0;
		};
/* End PBXSourcesBuildPhase section */

/* Begin PBXTargetDependency section */
		87B1A4DC18A2E2BE00D38645 /* PBXTargetDependency */ = {
			isa = PBXTargetDependency;
			target = 87B1A4AD18A2E2BE00D38645 /* BattleshipApp */;
			targetProxy = 87B1A4DB18A2E2BE00D38645 /* PBXContainerItemProxy */;
		};
/* End PBXTargetDependency section */

/* Begin PBXVariantGroup section */
		87B1A4BC18A2E2BE00D38645 /* InfoPlist.strings */ = {
			isa = PBXVariantGroup;
			children = (
				87B1A4BD18A2E2BE00D38645 /* en */,
			);
			name = InfoPlist.strings;
			sourceTree = "<group>";
		};
		87B1A4C518A2E2BE00D38645 /* Main.storyboard */ = {
			isa = PBXVariantGroup;
			children = (
				87B1A4C618A2E2BE00D38645 /* Base */,
			);
			name = Main.storyboard;
			sourceTree = "<group>";
		};
		87B1A4E018A2E2BE00D38645 /* InfoPlist.strings */ = {
			isa = PBXVariantGroup;
			children = (
				87B1A4E118A2E2BE00D38645 /* en */,
			);
			name = InfoPlist.strings;
			sourceTree = "<group>";
		};
/* End PBXVariantGroup section */

/* Begin XCBuildConfiguration section */
		87B1A4E518A2E2BE00D38645 /* Debug */ = {
			isa = XCBuildConfiguration;
			buildSettings = {
				ALWAYS_SEARCH_USER_PATHS = NO;
				ARCHS = "$(ARCHS_STANDARD_INCLUDING_64_BIT)";
				CLANG_CXX_LANGUAGE_STANDARD = "gnu++0x";
				CLANG_CXX_LIBRARY = "libc++";
				CLANG_ENABLE_MODULES = YES;
				CLANG_ENABLE_OBJC_ARC = YES;
				CLANG_WARN_BOOL_CONVERSION = YES;
				CLANG_WARN_CONSTANT_CONVERSION = YES;
				CLANG_WARN_DIRECT_OBJC_ISA_USAGE = YES_ERROR;
				CLANG_WARN_EMPTY_BODY = YES;
				CLANG_WARN_ENUM_CONVERSION = YES;
				CLANG_WARN_INT_CONVERSION = YES;
				CLANG_WARN_OBJC_ROOT_CLASS = YES_ERROR;
				CLANG_WARN__DUPLICATE_METHOD_MATCH = YES;
				"CODE_SIGN_IDENTITY[sdk=iphoneos*]" = "iPhone Developer";
				COPY_PHASE_STRIP = NO;
				GCC_C_LANGUAGE_STANDARD = gnu99;
				GCC_DYNAMIC_NO_PIC = NO;
				GCC_OPTIMIZATION_LEVEL = 0;
				GCC_PREPROCESSOR_DEFINITIONS = (
					"DEBUG=1",
					"$(inherited)",
				);
				GCC_SYMBOLS_PRIVATE_EXTERN = NO;
				GCC_WARN_64_TO_32_BIT_CONVERSION = YES;
				GCC_WARN_ABOUT_RETURN_TYPE = YES_ERROR;
				GCC_WARN_UNDECLARED_SELECTOR = YES;
				GCC_WARN_UNINITIALIZED_AUTOS = YES;
				GCC_WARN_UNUSED_FUNCTION = YES;
				GCC_WARN_UNUSED_VARIABLE = YES;
				IPHONEOS_DEPLOYMENT_TARGET = 7.0;
				ONLY_ACTIVE_ARCH = YES;
				SDKROOT = iphoneos;
				TARGETED_DEVICE_FAMILY = 2;
			};
			name = Debug;
		};
		87B1A4E618A2E2BE00D38645 /* Release */ = {
			isa = XCBuildConfiguration;
			buildSettings = {
				ALWAYS_SEARCH_USER_PATHS = NO;
				ARCHS = "$(ARCHS_STANDARD_INCLUDING_64_BIT)";
				CLANG_CXX_LANGUAGE_STANDARD = "gnu++0x";
				CLANG_CXX_LIBRARY = "libc++";
				CLANG_ENABLE_MODULES = YES;
				CLANG_ENABLE_OBJC_ARC = YES;
				CLANG_WARN_BOOL_CONVERSION = YES;
				CLANG_WARN_CONSTANT_CONVERSION = YES;
				CLANG_WARN_DIRECT_OBJC_ISA_USAGE = YES_ERROR;
				CLANG_WARN_EMPTY_BODY = YES;
				CLANG_WARN_ENUM_CONVERSION = YES;
				CLANG_WARN_INT_CONVERSION = YES;
				CLANG_WARN_OBJC_ROOT_CLASS = YES_ERROR;
				CLANG_WARN__DUPLICATE_METHOD_MATCH = YES;
				"CODE_SIGN_IDENTITY[sdk=iphoneos*]" = "iPhone Developer";
				COPY_PHASE_STRIP = YES;
				ENABLE_NS_ASSERTIONS = NO;
				GCC_C_LANGUAGE_STANDARD = gnu99;
				GCC_WARN_64_TO_32_BIT_CONVERSION = YES;
				GCC_WARN_ABOUT_RETURN_TYPE = YES_ERROR;
				GCC_WARN_UNDECLARED_SELECTOR = YES;
				GCC_WARN_UNINITIALIZED_AUTOS = YES;
				GCC_WARN_UNUSED_FUNCTION = YES;
				GCC_WARN_UNUSED_VARIABLE = YES;
				IPHONEOS_DEPLOYMENT_TARGET = 7.0;
				SDKROOT = iphoneos;
				TARGETED_DEVICE_FAMILY = 2;
				VALIDATE_PRODUCT = YES;
			};
			name = Release;
		};
		87B1A4E818A2E2BE00D38645 /* Debug */ = {
			isa = XCBuildConfiguration;
			buildSettings = {
				ASSETCATALOG_COMPILER_APPICON_NAME = AppIcon;
				ASSETCATALOG_COMPILER_LAUNCHIMAGE_NAME = LaunchImage;
				GCC_PRECOMPILE_PREFIX_HEADER = YES;
				GCC_PREFIX_HEADER = "BattleshipApp/BattleshipApp-Prefix.pch";
				INFOPLIST_FILE = "BattleshipApp/BattleshipApp-Info.plist";
				PRODUCT_NAME = "$(TARGET_NAME)";
				SPRITEKIT_TEXTURE_ATLAS_OUTPUT = YES;
				WRAPPER_EXTENSION = app;
			};
			name = Debug;
		};
		87B1A4E918A2E2BE00D38645 /* Release */ = {
			isa = XCBuildConfiguration;
			buildSettings = {
				ASSETCATALOG_COMPILER_APPICON_NAME = AppIcon;
				ASSETCATALOG_COMPILER_LAUNCHIMAGE_NAME = LaunchImage;
				GCC_PRECOMPILE_PREFIX_HEADER = YES;
				GCC_PREFIX_HEADER = "BattleshipApp/BattleshipApp-Prefix.pch";
				INFOPLIST_FILE = "BattleshipApp/BattleshipApp-Info.plist";
				PRODUCT_NAME = "$(TARGET_NAME)";
				SPRITEKIT_TEXTURE_ATLAS_OUTPUT = YES;
				WRAPPER_EXTENSION = app;
			};
			name = Release;
		};
		87B1A4EB18A2E2BE00D38645 /* Debug */ = {
			isa = XCBuildConfiguration;
			buildSettings = {
				ARCHS = "$(ARCHS_STANDARD_INCLUDING_64_BIT)";
				BUNDLE_LOADER = "$(BUILT_PRODUCTS_DIR)/BattleshipApp.app/BattleshipApp";
				FRAMEWORK_SEARCH_PATHS = (
					"$(SDKROOT)/Developer/Library/Frameworks",
					"$(inherited)",
					"$(DEVELOPER_FRAMEWORKS_DIR)",
				);
				GCC_PRECOMPILE_PREFIX_HEADER = YES;
				GCC_PREFIX_HEADER = "BattleshipApp/BattleshipApp-Prefix.pch";
				GCC_PREPROCESSOR_DEFINITIONS = (
					"DEBUG=1",
					"$(inherited)",
				);
				INFOPLIST_FILE = "BattleshipAppTests/BattleshipAppTests-Info.plist";
				PRODUCT_NAME = "$(TARGET_NAME)";
				TEST_HOST = "$(BUNDLE_LOADER)";
				WRAPPER_EXTENSION = xctest;
			};
			name = Debug;
		};
		87B1A4EC18A2E2BE00D38645 /* Release */ = {
			isa = XCBuildConfiguration;
			buildSettings = {
				ARCHS = "$(ARCHS_STANDARD_INCLUDING_64_BIT)";
				BUNDLE_LOADER = "$(BUILT_PRODUCTS_DIR)/BattleshipApp.app/BattleshipApp";
				FRAMEWORK_SEARCH_PATHS = (
					"$(SDKROOT)/Developer/Library/Frameworks",
					"$(inherited)",
					"$(DEVELOPER_FRAMEWORKS_DIR)",
				);
				GCC_PRECOMPILE_PREFIX_HEADER = YES;
				GCC_PREFIX_HEADER = "BattleshipApp/BattleshipApp-Prefix.pch";
				INFOPLIST_FILE = "BattleshipAppTests/BattleshipAppTests-Info.plist";
				PRODUCT_NAME = "$(TARGET_NAME)";
				TEST_HOST = "$(BUNDLE_LOADER)";
				WRAPPER_EXTENSION = xctest;
			};
			name = Release;
		};
/* End XCBuildConfiguration section */

/* Begin XCConfigurationList section */
		87B1A4A918A2E2BE00D38645 /* Build configuration list for PBXProject "BattleshipApp" */ = {
			isa = XCConfigurationList;
			buildConfigurations = (
				87B1A4E518A2E2BE00D38645 /* Debug */,
				87B1A4E618A2E2BE00D38645 /* Release */,
			);
			defaultConfigurationIsVisible = 0;
			defaultConfigurationName = Release;
		};
		87B1A4E718A2E2BE00D38645 /* Build configuration list for PBXNativeTarget "BattleshipApp" */ = {
			isa = XCConfigurationList;
			buildConfigurations = (
				87B1A4E818A2E2BE00D38645 /* Debug */,
				87B1A4E918A2E2BE00D38645 /* Release */,
			);
			defaultConfigurationIsVisible = 0;
		};
		87B1A4EA18A2E2BE00D38645 /* Build configuration list for PBXNativeTarget "BattleshipAppTests" */ = {
			isa = XCConfigurationList;
			buildConfigurations = (
				87B1A4EB18A2E2BE00D38645 /* Debug */,
				87B1A4EC18A2E2BE00D38645 /* Release */,
			);
			defaultConfigurationIsVisible = 0;
		};
/* End XCConfigurationList section */
	};
	rootObject = 87B1A4A618A2E2BE00D38645 /* Project object */;
}
