// !$*UTF8*$!
{
	archiveVersion = 1;
	classes = {
	};
	objectVersion = 46;
	objects = {

/* Begin PBXBuildFile section */
		5117151D189A390200BE75A9 /* Foundation.framework in Frameworks */ = {isa = PBXBuildFile; fileRef = 5117151C189A390200BE75A9 /* Foundation.framework */; };
		5117151F189A390200BE75A9 /* CoreGraphics.framework in Frameworks */ = {isa = PBXBuildFile; fileRef = 5117151E189A390200BE75A9 /* CoreGraphics.framework */; };
		51171521189A390200BE75A9 /* UIKit.framework in Frameworks */ = {isa = PBXBuildFile; fileRef = 51171520189A390200BE75A9 /* UIKit.framework */; };
		51171523189A390200BE75A9 /* SpriteKit.framework in Frameworks */ = {isa = PBXBuildFile; fileRef = 51171522189A390200BE75A9 /* SpriteKit.framework */; };
		51171529189A390200BE75A9 /* InfoPlist.strings in Resources */ = {isa = PBXBuildFile; fileRef = 51171527189A390200BE75A9 /* InfoPlist.strings */; };
		5117152B189A390200BE75A9 /* main.m in Sources */ = {isa = PBXBuildFile; fileRef = 5117152A189A390200BE75A9 /* main.m */; };
		5117152F189A390200BE75A9 /* AppDelegate.m in Sources */ = {isa = PBXBuildFile; fileRef = 5117152E189A390200BE75A9 /* AppDelegate.m */; };
		51171532189A390200BE75A9 /* Main.storyboard in Resources */ = {isa = PBXBuildFile; fileRef = 51171530189A390200BE75A9 /* Main.storyboard */; };
		51171535189A390200BE75A9 /* ViewController.m in Sources */ = {isa = PBXBuildFile; fileRef = 51171534189A390200BE75A9 /* ViewController.m */; };
		51171538189A390200BE75A9 /* MyScene.m in Sources */ = {isa = PBXBuildFile; fileRef = 51171537189A390200BE75A9 /* MyScene.m */; };
		5117153C189A390200BE75A9 /* Images.xcassets in Resources */ = {isa = PBXBuildFile; fileRef = 5117153B189A390200BE75A9 /* Images.xcassets */; };
		51171543189A390200BE75A9 /* XCTest.framework in Frameworks */ = {isa = PBXBuildFile; fileRef = 51171542189A390200BE75A9 /* XCTest.framework */; };
		51171544189A390200BE75A9 /* Foundation.framework in Frameworks */ = {isa = PBXBuildFile; fileRef = 5117151C189A390200BE75A9 /* Foundation.framework */; };
		51171545189A390200BE75A9 /* UIKit.framework in Frameworks */ = {isa = PBXBuildFile; fileRef = 51171520189A390200BE75A9 /* UIKit.framework */; };
		5117154D189A390200BE75A9 /* InfoPlist.strings in Resources */ = {isa = PBXBuildFile; fileRef = 5117154B189A390200BE75A9 /* InfoPlist.strings */; };
		5117154F189A390200BE75A9 /* BattleshipTests.m in Sources */ = {isa = PBXBuildFile; fileRef = 5117154E189A390200BE75A9 /* BattleshipTests.m */; };
		5155192218C087540019BEE6 /* Helpers.m in Sources */ = {isa = PBXBuildFile; fileRef = 5155192118C087540019BEE6 /* Helpers.m */; };
		5155192618C08C010019BEE6 /* Inits.m in Sources */ = {isa = PBXBuildFile; fileRef = 5155192518C08C010019BEE6 /* Inits.m */; };
		51C23995189C99E700B5D430 /* Jigglypuff sings Game of Thrones a capella.mp3 in Resources */ = {isa = PBXBuildFile; fileRef = 51C23994189C99E700B5D430 /* Jigglypuff sings Game of Thrones a capella.mp3 */; };
		51C23997189C9A9700B5D430 /* Pew_Pew-DKnight556-1379997159.mp3 in Resources */ = {isa = PBXBuildFile; fileRef = 51C23996189C9A9700B5D430 /* Pew_Pew-DKnight556-1379997159.mp3 */; };
		51D3C09418C556A900BDCA98 /* SideBarDisplay.m in Sources */ = {isa = PBXBuildFile; fileRef = 51D3C09318C556A900BDCA98 /* SideBarDisplay.m */; };
		873BD0F418C8106500AC62CA /* GameKit.framework in Frameworks */ = {isa = PBXBuildFile; fileRef = 873BD0F318C8106500AC62CA /* GameKit.framework */; };
		87964BB718CA6EAC00D38181 /* GCHelper.m in Sources */ = {isa = PBXBuildFile; fileRef = 87964BB618CA6EAC00D38181 /* GCHelper.m */; };
		87AAA64C18C1386300EF6FED /* StartScreen.m in Sources */ = {isa = PBXBuildFile; fileRef = 87AAA64B18C1386300EF6FED /* StartScreen.m */; };
		87AD0BE318BC6B29001BCD2F /* BattleshipGame.m in Sources */ = {isa = PBXBuildFile; fileRef = 87AD0BC418BC6B28001BCD2F /* BattleshipGame.m */; };
		87AD0BE418BC6B29001BCD2F /* Coordinate.m in Sources */ = {isa = PBXBuildFile; fileRef = 87AD0BC618BC6B28001BCD2F /* Coordinate.m */; };
		87AD0BE518BC6B29001BCD2F /* Cruiser.m in Sources */ = {isa = PBXBuildFile; fileRef = 87AD0BC818BC6B28001BCD2F /* Cruiser.m */; };
		87AD0BE618BC6B29001BCD2F /* Destroyer.m in Sources */ = {isa = PBXBuildFile; fileRef = 87AD0BCA18BC6B28001BCD2F /* Destroyer.m */; };
		87AD0BE718BC6B29001BCD2F /* Fleet.m in Sources */ = {isa = PBXBuildFile; fileRef = 87AD0BCD18BC6B28001BCD2F /* Fleet.m */; };
		87AD0BE818BC6B29001BCD2F /* Map.m in Sources */ = {isa = PBXBuildFile; fileRef = 87AD0BCF18BC6B28001BCD2F /* Map.m */; };
		87AD0BE918BC6B29001BCD2F /* MineLayer.m in Sources */ = {isa = PBXBuildFile; fileRef = 87AD0BD218BC6B28001BCD2F /* MineLayer.m */; };
		87AD0BEA18BC6B29001BCD2F /* RadarBoat.m in Sources */ = {isa = PBXBuildFile; fileRef = 87AD0BD418BC6B28001BCD2F /* RadarBoat.m */; };
		87AD0BEB18BC6B29001BCD2F /* Range.m in Sources */ = {isa = PBXBuildFile; fileRef = 87AD0BD618BC6B28001BCD2F /* Range.m */; };
		87AD0BEC18BC6B29001BCD2F /* Ship.m in Sources */ = {isa = PBXBuildFile; fileRef = 87AD0BD818BC6B28001BCD2F /* Ship.m */; };
		87AD0BED18BC6B29001BCD2F /* ShipSegment.m in Sources */ = {isa = PBXBuildFile; fileRef = 87AD0BDC18BC6B28001BCD2F /* ShipSegment.m */; };
		87AD0BEE18BC6B29001BCD2F /* TorpedoBoat.m in Sources */ = {isa = PBXBuildFile; fileRef = 87AD0BDF18BC6B28001BCD2F /* TorpedoBoat.m */; };
		9415F99418CA6E340067F500 /* Player.m in Sources */ = {isa = PBXBuildFile; fileRef = 9415F99318CA6E340067F500 /* Player.m */; };
/* End PBXBuildFile section */

/* Begin PBXContainerItemProxy section */
		51171546189A390200BE75A9 /* PBXContainerItemProxy */ = {
			isa = PBXContainerItemProxy;
			containerPortal = 51171511189A390200BE75A9 /* Project object */;
			proxyType = 1;
			remoteGlobalIDString = 51171518189A390200BE75A9;
			remoteInfo = Battleship;
		};
/* End PBXContainerItemProxy section */

/* Begin PBXFileReference section */
		51171519189A390200BE75A9 /* Battleship.app */ = {isa = PBXFileReference; explicitFileType = wrapper.application; includeInIndex = 0; path = Battleship.app; sourceTree = BUILT_PRODUCTS_DIR; };
		5117151C189A390200BE75A9 /* Foundation.framework */ = {isa = PBXFileReference; lastKnownFileType = wrapper.framework; name = Foundation.framework; path = System/Library/Frameworks/Foundation.framework; sourceTree = SDKROOT; };
		5117151E189A390200BE75A9 /* CoreGraphics.framework */ = {isa = PBXFileReference; lastKnownFileType = wrapper.framework; name = CoreGraphics.framework; path = System/Library/Frameworks/CoreGraphics.framework; sourceTree = SDKROOT; };
		51171520189A390200BE75A9 /* UIKit.framework */ = {isa = PBXFileReference; lastKnownFileType = wrapper.framework; name = UIKit.framework; path = System/Library/Frameworks/UIKit.framework; sourceTree = SDKROOT; };
		51171522189A390200BE75A9 /* SpriteKit.framework */ = {isa = PBXFileReference; lastKnownFileType = wrapper.framework; name = SpriteKit.framework; path = System/Library/Frameworks/SpriteKit.framework; sourceTree = SDKROOT; };
		51171526189A390200BE75A9 /* Battleship-Info.plist */ = {isa = PBXFileReference; lastKnownFileType = text.plist.xml; path = "Battleship-Info.plist"; sourceTree = "<group>"; };
		51171528189A390200BE75A9 /* en */ = {isa = PBXFileReference; lastKnownFileType = text.plist.strings; name = en; path = en.lproj/InfoPlist.strings; sourceTree = "<group>"; };
		5117152A189A390200BE75A9 /* main.m */ = {isa = PBXFileReference; lastKnownFileType = sourcecode.c.objc; path = main.m; sourceTree = "<group>"; };
		5117152C189A390200BE75A9 /* Battleship-Prefix.pch */ = {isa = PBXFileReference; lastKnownFileType = sourcecode.c.h; path = "Battleship-Prefix.pch"; sourceTree = "<group>"; };
		5117152D189A390200BE75A9 /* AppDelegate.h */ = {isa = PBXFileReference; lastKnownFileType = sourcecode.c.h; path = AppDelegate.h; sourceTree = "<group>"; };
		5117152E189A390200BE75A9 /* AppDelegate.m */ = {isa = PBXFileReference; lastKnownFileType = sourcecode.c.objc; path = AppDelegate.m; sourceTree = "<group>"; };
		51171531189A390200BE75A9 /* Base */ = {isa = PBXFileReference; lastKnownFileType = file.storyboard; name = Base; path = Base.lproj/Main.storyboard; sourceTree = "<group>"; };
		51171533189A390200BE75A9 /* ViewController.h */ = {isa = PBXFileReference; lastKnownFileType = sourcecode.c.h; path = ViewController.h; sourceTree = "<group>"; };
		51171534189A390200BE75A9 /* ViewController.m */ = {isa = PBXFileReference; lastKnownFileType = sourcecode.c.objc; path = ViewController.m; sourceTree = "<group>"; };
		51171536189A390200BE75A9 /* MyScene.h */ = {isa = PBXFileReference; lastKnownFileType = sourcecode.c.h; path = MyScene.h; sourceTree = "<group>"; };
		51171537189A390200BE75A9 /* MyScene.m */ = {isa = PBXFileReference; lastKnownFileType = sourcecode.c.objc; path = MyScene.m; sourceTree = "<group>"; };
		5117153B189A390200BE75A9 /* Images.xcassets */ = {isa = PBXFileReference; lastKnownFileType = folder.assetcatalog; path = Images.xcassets; sourceTree = "<group>"; };
		51171541189A390200BE75A9 /* BattleshipTests.xctest */ = {isa = PBXFileReference; explicitFileType = wrapper.cfbundle; includeInIndex = 0; path = BattleshipTests.xctest; sourceTree = BUILT_PRODUCTS_DIR; };
		51171542189A390200BE75A9 /* XCTest.framework */ = {isa = PBXFileReference; lastKnownFileType = wrapper.framework; name = XCTest.framework; path = Library/Frameworks/XCTest.framework; sourceTree = DEVELOPER_DIR; };
		5117154A189A390200BE75A9 /* BattleshipTests-Info.plist */ = {isa = PBXFileReference; lastKnownFileType = text.plist.xml; path = "BattleshipTests-Info.plist"; sourceTree = "<group>"; };
		5117154C189A390200BE75A9 /* en */ = {isa = PBXFileReference; lastKnownFileType = text.plist.strings; name = en; path = en.lproj/InfoPlist.strings; sourceTree = "<group>"; };
		5117154E189A390200BE75A9 /* BattleshipTests.m */ = {isa = PBXFileReference; lastKnownFileType = sourcecode.c.objc; path = BattleshipTests.m; sourceTree = "<group>"; };
		5155192018C087540019BEE6 /* Helpers.h */ = {isa = PBXFileReference; fileEncoding = 4; lastKnownFileType = sourcecode.c.h; name = Helpers.h; path = HelperFunctions/Helpers.h; sourceTree = "<group>"; };
		5155192118C087540019BEE6 /* Helpers.m */ = {isa = PBXFileReference; fileEncoding = 4; lastKnownFileType = sourcecode.c.objc; name = Helpers.m; path = HelperFunctions/Helpers.m; sourceTree = "<group>"; };
		5155192418C08C010019BEE6 /* Inits.h */ = {isa = PBXFileReference; fileEncoding = 4; lastKnownFileType = sourcecode.c.h; name = Inits.h; path = Initialization/Inits.h; sourceTree = "<group>"; };
		5155192518C08C010019BEE6 /* Inits.m */ = {isa = PBXFileReference; fileEncoding = 4; lastKnownFileType = sourcecode.c.objc; name = Inits.m; path = Initialization/Inits.m; sourceTree = "<group>"; };
		51C23994189C99E700B5D430 /* Jigglypuff sings Game of Thrones a capella.mp3 */ = {isa = PBXFileReference; lastKnownFileType = audio.mp3; path = "Jigglypuff sings Game of Thrones a capella.mp3"; sourceTree = "<group>"; };
		51C23996189C9A9700B5D430 /* Pew_Pew-DKnight556-1379997159.mp3 */ = {isa = PBXFileReference; lastKnownFileType = audio.mp3; path = "Pew_Pew-DKnight556-1379997159.mp3"; sourceTree = "<group>"; };
		51D3C09218C556A900BDCA98 /* SideBarDisplay.h */ = {isa = PBXFileReference; fileEncoding = 4; lastKnownFileType = sourcecode.c.h; path = SideBarDisplay.h; sourceTree = "<group>"; };
		51D3C09318C556A900BDCA98 /* SideBarDisplay.m */ = {isa = PBXFileReference; fileEncoding = 4; lastKnownFileType = sourcecode.c.objc; path = SideBarDisplay.m; sourceTree = "<group>"; };
		873BD0F318C8106500AC62CA /* GameKit.framework */ = {isa = PBXFileReference; lastKnownFileType = wrapper.framework; name = GameKit.framework; path = System/Library/Frameworks/GameKit.framework; sourceTree = SDKROOT; };
		87964BB518CA6EAC00D38181 /* GCHelper.h */ = {isa = PBXFileReference; fileEncoding = 4; lastKnownFileType = sourcecode.c.h; name = GCHelper.h; path = HelperFunctions/GCHelper.h; sourceTree = "<group>"; };
		87964BB618CA6EAC00D38181 /* GCHelper.m */ = {isa = PBXFileReference; fileEncoding = 4; lastKnownFileType = sourcecode.c.objc; name = GCHelper.m; path = HelperFunctions/GCHelper.m; sourceTree = "<group>"; };
		87AAA64A18C1386300EF6FED /* StartScreen.h */ = {isa = PBXFileReference; fileEncoding = 4; lastKnownFileType = sourcecode.c.h; path = StartScreen.h; sourceTree = "<group>"; };
		87AAA64B18C1386300EF6FED /* StartScreen.m */ = {isa = PBXFileReference; fileEncoding = 4; lastKnownFileType = sourcecode.c.objc; path = StartScreen.m; sourceTree = "<group>"; };
		87AD0BC318BC6B28001BCD2F /* BattleshipGame.h */ = {isa = PBXFileReference; fileEncoding = 4; lastKnownFileType = sourcecode.c.h; name = BattleshipGame.h; path = Model/BattleshipGame.h; sourceTree = "<group>"; };
		87AD0BC418BC6B28001BCD2F /* BattleshipGame.m */ = {isa = PBXFileReference; fileEncoding = 4; lastKnownFileType = sourcecode.c.objc; name = BattleshipGame.m; path = Model/BattleshipGame.m; sourceTree = "<group>"; };
		87AD0BC518BC6B28001BCD2F /* Coordinate.h */ = {isa = PBXFileReference; fileEncoding = 4; lastKnownFileType = sourcecode.c.h; name = Coordinate.h; path = Model/Coordinate.h; sourceTree = "<group>"; };
		87AD0BC618BC6B28001BCD2F /* Coordinate.m */ = {isa = PBXFileReference; fileEncoding = 4; lastKnownFileType = sourcecode.c.objc; name = Coordinate.m; path = Model/Coordinate.m; sourceTree = "<group>"; };
		87AD0BC718BC6B28001BCD2F /* Cruiser.h */ = {isa = PBXFileReference; fileEncoding = 4; lastKnownFileType = sourcecode.c.h; name = Cruiser.h; path = Model/Cruiser.h; sourceTree = "<group>"; };
		87AD0BC818BC6B28001BCD2F /* Cruiser.m */ = {isa = PBXFileReference; fileEncoding = 4; lastKnownFileType = sourcecode.c.objc; name = Cruiser.m; path = Model/Cruiser.m; sourceTree = "<group>"; };
		87AD0BC918BC6B28001BCD2F /* Destroyer.h */ = {isa = PBXFileReference; fileEncoding = 4; lastKnownFileType = sourcecode.c.h; name = Destroyer.h; path = Model/Destroyer.h; sourceTree = "<group>"; };
		87AD0BCA18BC6B28001BCD2F /* Destroyer.m */ = {isa = PBXFileReference; fileEncoding = 4; lastKnownFileType = sourcecode.c.objc; name = Destroyer.m; path = Model/Destroyer.m; sourceTree = "<group>"; };
		87AD0BCB18BC6B28001BCD2F /* DirectionType.h */ = {isa = PBXFileReference; fileEncoding = 4; lastKnownFileType = sourcecode.c.h; name = DirectionType.h; path = Model/DirectionType.h; sourceTree = "<group>"; };
		87AD0BCC18BC6B28001BCD2F /* Fleet.h */ = {isa = PBXFileReference; fileEncoding = 4; lastKnownFileType = sourcecode.c.h; name = Fleet.h; path = Model/Fleet.h; sourceTree = "<group>"; };
		87AD0BCD18BC6B28001BCD2F /* Fleet.m */ = {isa = PBXFileReference; fileEncoding = 4; lastKnownFileType = sourcecode.c.objc; name = Fleet.m; path = Model/Fleet.m; sourceTree = "<group>"; };
		87AD0BCE18BC6B28001BCD2F /* Map.h */ = {isa = PBXFileReference; fileEncoding = 4; lastKnownFileType = sourcecode.c.h; name = Map.h; path = Model/Map.h; sourceTree = "<group>"; };
		87AD0BCF18BC6B28001BCD2F /* Map.m */ = {isa = PBXFileReference; fileEncoding = 4; lastKnownFileType = sourcecode.c.objc; name = Map.m; path = Model/Map.m; sourceTree = "<group>"; };
		87AD0BD018BC6B28001BCD2F /* Mine.h */ = {isa = PBXFileReference; fileEncoding = 4; lastKnownFileType = sourcecode.c.h; name = Mine.h; path = Model/Mine.h; sourceTree = "<group>"; };
		87AD0BD118BC6B28001BCD2F /* MineLayer.h */ = {isa = PBXFileReference; fileEncoding = 4; lastKnownFileType = sourcecode.c.h; name = MineLayer.h; path = Model/MineLayer.h; sourceTree = "<group>"; };
		87AD0BD218BC6B28001BCD2F /* MineLayer.m */ = {isa = PBXFileReference; fileEncoding = 4; lastKnownFileType = sourcecode.c.objc; name = MineLayer.m; path = Model/MineLayer.m; sourceTree = "<group>"; };
		87AD0BD318BC6B28001BCD2F /* RadarBoat.h */ = {isa = PBXFileReference; fileEncoding = 4; lastKnownFileType = sourcecode.c.h; name = RadarBoat.h; path = Model/RadarBoat.h; sourceTree = "<group>"; };
		87AD0BD418BC6B28001BCD2F /* RadarBoat.m */ = {isa = PBXFileReference; fileEncoding = 4; lastKnownFileType = sourcecode.c.objc; name = RadarBoat.m; path = Model/RadarBoat.m; sourceTree = "<group>"; };
		87AD0BD518BC6B28001BCD2F /* Range.h */ = {isa = PBXFileReference; fileEncoding = 4; lastKnownFileType = sourcecode.c.h; name = Range.h; path = Model/Range.h; sourceTree = "<group>"; };
		87AD0BD618BC6B28001BCD2F /* Range.m */ = {isa = PBXFileReference; fileEncoding = 4; lastKnownFileType = sourcecode.c.objc; name = Range.m; path = Model/Range.m; sourceTree = "<group>"; };
		87AD0BD718BC6B28001BCD2F /* Ship.h */ = {isa = PBXFileReference; fileEncoding = 4; lastKnownFileType = sourcecode.c.h; name = Ship.h; path = Model/Ship.h; sourceTree = "<group>"; };
		87AD0BD818BC6B28001BCD2F /* Ship.m */ = {isa = PBXFileReference; fileEncoding = 4; lastKnownFileType = sourcecode.c.objc; name = Ship.m; path = Model/Ship.m; sourceTree = "<group>"; };
		87AD0BD918BC6B28001BCD2F /* ShipArmourType.h */ = {isa = PBXFileReference; fileEncoding = 4; lastKnownFileType = sourcecode.c.h; name = ShipArmourType.h; path = Model/ShipArmourType.h; sourceTree = "<group>"; };
		87AD0BDA18BC6B28001BCD2F /* ShipRotation.h */ = {isa = PBXFileReference; fileEncoding = 4; lastKnownFileType = sourcecode.c.h; name = ShipRotation.h; path = Model/ShipRotation.h; sourceTree = "<group>"; };
		87AD0BDB18BC6B28001BCD2F /* ShipSegment.h */ = {isa = PBXFileReference; fileEncoding = 4; lastKnownFileType = sourcecode.c.h; name = ShipSegment.h; path = Model/ShipSegment.h; sourceTree = "<group>"; };
		87AD0BDC18BC6B28001BCD2F /* ShipSegment.m */ = {isa = PBXFileReference; fileEncoding = 4; lastKnownFileType = sourcecode.c.objc; name = ShipSegment.m; path = Model/ShipSegment.m; sourceTree = "<group>"; };
		87AD0BDD18BC6B28001BCD2F /* TerrainType.h */ = {isa = PBXFileReference; fileEncoding = 4; lastKnownFileType = sourcecode.c.h; name = TerrainType.h; path = Model/TerrainType.h; sourceTree = "<group>"; };
		87AD0BDE18BC6B28001BCD2F /* TorpedoBoat.h */ = {isa = PBXFileReference; fileEncoding = 4; lastKnownFileType = sourcecode.c.h; name = TorpedoBoat.h; path = Model/TorpedoBoat.h; sourceTree = "<group>"; };
		87AD0BDF18BC6B28001BCD2F /* TorpedoBoat.m */ = {isa = PBXFileReference; fileEncoding = 4; lastKnownFileType = sourcecode.c.objc; name = TorpedoBoat.m; path = Model/TorpedoBoat.m; sourceTree = "<group>"; };
		87AD0BE218BC6B28001BCD2F /* WeaponType.h */ = {isa = PBXFileReference; fileEncoding = 4; lastKnownFileType = sourcecode.c.h; name = WeaponType.h; path = Model/WeaponType.h; sourceTree = "<group>"; };
		9415F99218CA6E340067F500 /* Player.h */ = {isa = PBXFileReference; fileEncoding = 4; lastKnownFileType = sourcecode.c.h; name = Player.h; path = Model/Player.h; sourceTree = "<group>"; };
		9415F99318CA6E340067F500 /* Player.m */ = {isa = PBXFileReference; fileEncoding = 4; lastKnownFileType = sourcecode.c.objc; name = Player.m; path = Model/Player.m; sourceTree = "<group>"; };
/* End PBXFileReference section */

/* Begin PBXFrameworksBuildPhase section */
		51171516189A390200BE75A9 /* Frameworks */ = {
			isa = PBXFrameworksBuildPhase;
			buildActionMask = 2147483647;
			files = (
				873BD0F418C8106500AC62CA /* GameKit.framework in Frameworks */,
				5117151F189A390200BE75A9 /* CoreGraphics.framework in Frameworks */,
				51171521189A390200BE75A9 /* UIKit.framework in Frameworks */,
				51171523189A390200BE75A9 /* SpriteKit.framework in Frameworks */,
				5117151D189A390200BE75A9 /* Foundation.framework in Frameworks */,
			);
			runOnlyForDeploymentPostprocessing = 0;
		};
		5117153E189A390200BE75A9 /* Frameworks */ = {
			isa = PBXFrameworksBuildPhase;
			buildActionMask = 2147483647;
			files = (
				51171543189A390200BE75A9 /* XCTest.framework in Frameworks */,
				51171545189A390200BE75A9 /* UIKit.framework in Frameworks */,
				51171544189A390200BE75A9 /* Foundation.framework in Frameworks */,
			);
			runOnlyForDeploymentPostprocessing = 0;
		};
/* End PBXFrameworksBuildPhase section */

/* Begin PBXGroup section */
		51171510189A390200BE75A9 = {
			isa = PBXGroup;
			children = (
				51171524189A390200BE75A9 /* Battleship */,
				51171548189A390200BE75A9 /* BattleshipTests */,
				5117151B189A390200BE75A9 /* Frameworks */,
				5117151A189A390200BE75A9 /* Products */,
			);
			sourceTree = "<group>";
		};
		5117151A189A390200BE75A9 /* Products */ = {
			isa = PBXGroup;
			children = (
				51171519189A390200BE75A9 /* Battleship.app */,
				51171541189A390200BE75A9 /* BattleshipTests.xctest */,
			);
			name = Products;
			sourceTree = "<group>";
		};
		5117151B189A390200BE75A9 /* Frameworks */ = {
			isa = PBXGroup;
			children = (
				873BD0F318C8106500AC62CA /* GameKit.framework */,
				5117151C189A390200BE75A9 /* Foundation.framework */,
				5117151E189A390200BE75A9 /* CoreGraphics.framework */,
				51171520189A390200BE75A9 /* UIKit.framework */,
				51171522189A390200BE75A9 /* SpriteKit.framework */,
				51171542189A390200BE75A9 /* XCTest.framework */,
			);
			name = Frameworks;
			sourceTree = "<group>";
		};
		51171524189A390200BE75A9 /* Battleship */ = {
			isa = PBXGroup;
			children = (
				5155192318C08BE10019BEE6 /* Initialization */,
				5155191F18C087040019BEE6 /* HelperFunctions */,
				871F9B7818A2FFDD006F2682 /* Model */,
				51C23993189C99DE00B5D430 /* Sounds */,
				5117152D189A390200BE75A9 /* AppDelegate.h */,
				5117152E189A390200BE75A9 /* AppDelegate.m */,
				51171530189A390200BE75A9 /* Main.storyboard */,
				51171533189A390200BE75A9 /* ViewController.h */,
				51171534189A390200BE75A9 /* ViewController.m */,
				87AAA64A18C1386300EF6FED /* StartScreen.h */,
				87AAA64B18C1386300EF6FED /* StartScreen.m */,
				51171536189A390200BE75A9 /* MyScene.h */,
				51171537189A390200BE75A9 /* MyScene.m */,
				5117153B189A390200BE75A9 /* Images.xcassets */,
				51171525189A390200BE75A9 /* Supporting Files */,
			);
			path = Battleship;
			sourceTree = "<group>";
		};
		51171525189A390200BE75A9 /* Supporting Files */ = {
			isa = PBXGroup;
			children = (
				51171526189A390200BE75A9 /* Battleship-Info.plist */,
				51171527189A390200BE75A9 /* InfoPlist.strings */,
				5117152A189A390200BE75A9 /* main.m */,
				5117152C189A390200BE75A9 /* Battleship-Prefix.pch */,
			);
			name = "Supporting Files";
			sourceTree = "<group>";
		};
		51171548189A390200BE75A9 /* BattleshipTests */ = {
			isa = PBXGroup;
			children = (
				5117154E189A390200BE75A9 /* BattleshipTests.m */,
				51171549189A390200BE75A9 /* Supporting Files */,
			);
			path = BattleshipTests;
			sourceTree = "<group>";
		};
		51171549189A390200BE75A9 /* Supporting Files */ = {
			isa = PBXGroup;
			children = (
				5117154A189A390200BE75A9 /* BattleshipTests-Info.plist */,
				5117154B189A390200BE75A9 /* InfoPlist.strings */,
			);
			name = "Supporting Files";
			sourceTree = "<group>";
		};
		5155191F18C087040019BEE6 /* HelperFunctions */ = {
			isa = PBXGroup;
			children = (
				5155192018C087540019BEE6 /* Helpers.h */,
				5155192118C087540019BEE6 /* Helpers.m */,
				51D3C09218C556A900BDCA98 /* SideBarDisplay.h */,
				51D3C09318C556A900BDCA98 /* SideBarDisplay.m */,
				87964BB518CA6EAC00D38181 /* GCHelper.h */,
				87964BB618CA6EAC00D38181 /* GCHelper.m */,
			);
			name = HelperFunctions;
			sourceTree = "<group>";
		};
		5155192318C08BE10019BEE6 /* Initialization */ = {
			isa = PBXGroup;
			children = (
				5155192418C08C010019BEE6 /* Inits.h */,
				5155192518C08C010019BEE6 /* Inits.m */,
			);
			name = Initialization;
			sourceTree = "<group>";
		};
		51C23993189C99DE00B5D430 /* Sounds */ = {
			isa = PBXGroup;
			children = (
				51C23996189C9A9700B5D430 /* Pew_Pew-DKnight556-1379997159.mp3 */,
				51C23994189C99E700B5D430 /* Jigglypuff sings Game of Thrones a capella.mp3 */,
			);
			name = Sounds;
			sourceTree = "<group>";
		};
		871F9B7818A2FFDD006F2682 /* Model */ = {
			isa = PBXGroup;
			children = (
				9415F99218CA6E340067F500 /* Player.h */,
				9415F99318CA6E340067F500 /* Player.m */,
				87AD0BC318BC6B28001BCD2F /* BattleshipGame.h */,
				87AD0BC418BC6B28001BCD2F /* BattleshipGame.m */,
				87AD0BC518BC6B28001BCD2F /* Coordinate.h */,
				87AD0BC618BC6B28001BCD2F /* Coordinate.m */,
				87AD0BC718BC6B28001BCD2F /* Cruiser.h */,
				87AD0BC818BC6B28001BCD2F /* Cruiser.m */,
				87AD0BC918BC6B28001BCD2F /* Destroyer.h */,
				87AD0BCA18BC6B28001BCD2F /* Destroyer.m */,
				87AD0BCB18BC6B28001BCD2F /* DirectionType.h */,
				87AD0BCC18BC6B28001BCD2F /* Fleet.h */,
				87AD0BCD18BC6B28001BCD2F /* Fleet.m */,
				87AD0BCE18BC6B28001BCD2F /* Map.h */,
				87AD0BCF18BC6B28001BCD2F /* Map.m */,
				87AD0BD018BC6B28001BCD2F /* Mine.h */,
				87AD0BD118BC6B28001BCD2F /* MineLayer.h */,
				87AD0BD218BC6B28001BCD2F /* MineLayer.m */,
				87AD0BD318BC6B28001BCD2F /* RadarBoat.h */,
				87AD0BD418BC6B28001BCD2F /* RadarBoat.m */,
				87AD0BD518BC6B28001BCD2F /* Range.h */,
				87AD0BD618BC6B28001BCD2F /* Range.m */,
				87AD0BD718BC6B28001BCD2F /* Ship.h */,
				87AD0BD818BC6B28001BCD2F /* Ship.m */,
				87AD0BD918BC6B28001BCD2F /* ShipArmourType.h */,
				87AD0BDA18BC6B28001BCD2F /* ShipRotation.h */,
				87AD0BDB18BC6B28001BCD2F /* ShipSegment.h */,
				87AD0BDC18BC6B28001BCD2F /* ShipSegment.m */,
				87AD0BDD18BC6B28001BCD2F /* TerrainType.h */,
				87AD0BDE18BC6B28001BCD2F /* TorpedoBoat.h */,
				87AD0BDF18BC6B28001BCD2F /* TorpedoBoat.m */,
				87AD0BE218BC6B28001BCD2F /* WeaponType.h */,
			);
			name = Model;
			sourceTree = "<group>";
		};
/* End PBXGroup section */

/* Begin PBXNativeTarget section */
		51171518189A390200BE75A9 /* Battleship */ = {
			isa = PBXNativeTarget;
			buildConfigurationList = 51171552189A390200BE75A9 /* Build configuration list for PBXNativeTarget "Battleship" */;
			buildPhases = (
				51171515189A390200BE75A9 /* Sources */,
				51171516189A390200BE75A9 /* Frameworks */,
				51171517189A390200BE75A9 /* Resources */,
			);
			buildRules = (
			);
			dependencies = (
			);
			name = Battleship;
			productName = Battleship;
			productReference = 51171519189A390200BE75A9 /* Battleship.app */;
			productType = "com.apple.product-type.application";
		};
		51171540189A390200BE75A9 /* BattleshipTests */ = {
			isa = PBXNativeTarget;
			buildConfigurationList = 51171555189A390200BE75A9 /* Build configuration list for PBXNativeTarget "BattleshipTests" */;
			buildPhases = (
				5117153D189A390200BE75A9 /* Sources */,
				5117153E189A390200BE75A9 /* Frameworks */,
				5117153F189A390200BE75A9 /* Resources */,
			);
			buildRules = (
			);
			dependencies = (
				51171547189A390200BE75A9 /* PBXTargetDependency */,
			);
			name = BattleshipTests;
			productName = BattleshipTests;
			productReference = 51171541189A390200BE75A9 /* BattleshipTests.xctest */;
			productType = "com.apple.product-type.bundle.unit-test";
		};
/* End PBXNativeTarget section */

/* Begin PBXProject section */
		51171511189A390200BE75A9 /* Project object */ = {
			isa = PBXProject;
			attributes = {
				LastUpgradeCheck = 0500;
				ORGANIZATIONNAME = "Rayyan Khoury";
				TargetAttributes = {
					51171540189A390200BE75A9 = {
						TestTargetID = 51171518189A390200BE75A9;
					};
				};
			};
			buildConfigurationList = 51171514189A390200BE75A9 /* Build configuration list for PBXProject "Battleship" */;
			compatibilityVersion = "Xcode 3.2";
			developmentRegion = English;
			hasScannedForEncodings = 0;
			knownRegions = (
				en,
				Base,
			);
			mainGroup = 51171510189A390200BE75A9;
			productRefGroup = 5117151A189A390200BE75A9 /* Products */;
			projectDirPath = "";
			projectRoot = "";
			targets = (
				51171518189A390200BE75A9 /* Battleship */,
				51171540189A390200BE75A9 /* BattleshipTests */,
			);
		};
/* End PBXProject section */

/* Begin PBXResourcesBuildPhase section */
		51171517189A390200BE75A9 /* Resources */ = {
			isa = PBXResourcesBuildPhase;
			buildActionMask = 2147483647;
			files = (
				51171529189A390200BE75A9 /* InfoPlist.strings in Resources */,
				5117153C189A390200BE75A9 /* Images.xcassets in Resources */,
				51C23995189C99E700B5D430 /* Jigglypuff sings Game of Thrones a capella.mp3 in Resources */,
				51171532189A390200BE75A9 /* Main.storyboard in Resources */,
				51C23997189C9A9700B5D430 /* Pew_Pew-DKnight556-1379997159.mp3 in Resources */,
			);
			runOnlyForDeploymentPostprocessing = 0;
		};
		5117153F189A390200BE75A9 /* Resources */ = {
			isa = PBXResourcesBuildPhase;
			buildActionMask = 2147483647;
			files = (
				5117154D189A390200BE75A9 /* InfoPlist.strings in Resources */,
			);
			runOnlyForDeploymentPostprocessing = 0;
		};
/* End PBXResourcesBuildPhase section */

/* Begin PBXSourcesBuildPhase section */
		51171515189A390200BE75A9 /* Sources */ = {
			isa = PBXSourcesBuildPhase;
			buildActionMask = 2147483647;
			files = (
				87AD0BE718BC6B29001BCD2F /* Fleet.m in Sources */,
				51171538189A390200BE75A9 /* MyScene.m in Sources */,
				5155192218C087540019BEE6 /* Helpers.m in Sources */,
				5155192618C08C010019BEE6 /* Inits.m in Sources */,
				87AD0BE518BC6B29001BCD2F /* Cruiser.m in Sources */,
				87AD0BE418BC6B29001BCD2F /* Coordinate.m in Sources */,
				51171535189A390200BE75A9 /* ViewController.m in Sources */,
				51D3C09418C556A900BDCA98 /* SideBarDisplay.m in Sources */,
				87AD0BED18BC6B29001BCD2F /* ShipSegment.m in Sources */,
				87AD0BEC18BC6B29001BCD2F /* Ship.m in Sources */,
				87AD0BE318BC6B29001BCD2F /* BattleshipGame.m in Sources */,
				87AD0BEB18BC6B29001BCD2F /* Range.m in Sources */,
				87AD0BEA18BC6B29001BCD2F /* RadarBoat.m in Sources */,
				87AD0BE818BC6B29001BCD2F /* Map.m in Sources */,
				87AAA64C18C1386300EF6FED /* StartScreen.m in Sources */,
				87AD0BEE18BC6B29001BCD2F /* TorpedoBoat.m in Sources */,
				5117152F189A390200BE75A9 /* AppDelegate.m in Sources */,
				5117152B189A390200BE75A9 /* main.m in Sources */,
				87AD0BE918BC6B29001BCD2F /* MineLayer.m in Sources */,
				9415F99418CA6E340067F500 /* Player.m in Sources */,
				87AD0BE618BC6B29001BCD2F /* Destroyer.m in Sources */,
				87964BB718CA6EAC00D38181 /* GCHelper.m in Sources */,
			);
			runOnlyForDeploymentPostprocessing = 0;
		};
		5117153D189A390200BE75A9 /* Sources */ = {
			isa = PBXSourcesBuildPhase;
			buildActionMask = 2147483647;
			files = (
				5117154F189A390200BE75A9 /* BattleshipTests.m in Sources */,
			);
			runOnlyForDeploymentPostprocessing = 0;
		};
/* End PBXSourcesBuildPhase section */

/* Begin PBXTargetDependency section */
		51171547189A390200BE75A9 /* PBXTargetDependency */ = {
			isa = PBXTargetDependency;
			target = 51171518189A390200BE75A9 /* Battleship */;
			targetProxy = 51171546189A390200BE75A9 /* PBXContainerItemProxy */;
		};
/* End PBXTargetDependency section */

/* Begin PBXVariantGroup section */
		51171527189A390200BE75A9 /* InfoPlist.strings */ = {
			isa = PBXVariantGroup;
			children = (
				51171528189A390200BE75A9 /* en */,
			);
			name = InfoPlist.strings;
			sourceTree = "<group>";
		};
		51171530189A390200BE75A9 /* Main.storyboard */ = {
			isa = PBXVariantGroup;
			children = (
				51171531189A390200BE75A9 /* Base */,
			);
			name = Main.storyboard;
			sourceTree = "<group>";
		};
		5117154B189A390200BE75A9 /* InfoPlist.strings */ = {
			isa = PBXVariantGroup;
			children = (
				5117154C189A390200BE75A9 /* en */,
			);
			name = InfoPlist.strings;
			sourceTree = "<group>";
		};
/* End PBXVariantGroup section */

/* Begin XCBuildConfiguration section */
		51171550189A390200BE75A9 /* Debug */ = {
			isa = XCBuildConfiguration;
			buildSettings = {
				ALWAYS_SEARCH_USER_PATHS = NO;
				ARCHS = "$(ARCHS_STANDARD_INCLUDING_64_BIT)";
				CLANG_CXX_LANGUAGE_STANDARD = "gnu++0x";
				CLANG_CXX_LIBRARY = "libc++";
				CLANG_ENABLE_MODULES = YES;
				CLANG_ENABLE_OBJC_ARC = YES;
				CLANG_WARN_BOOL_CONVERSION = YES;
				CLANG_WARN_CONSTANT_CONVERSION = YES;
				CLANG_WARN_DIRECT_OBJC_ISA_USAGE = YES_ERROR;
				CLANG_WARN_EMPTY_BODY = YES;
				CLANG_WARN_ENUM_CONVERSION = YES;
				CLANG_WARN_INT_CONVERSION = YES;
				CLANG_WARN_OBJC_ROOT_CLASS = YES_ERROR;
				CLANG_WARN__DUPLICATE_METHOD_MATCH = YES;
				"CODE_SIGN_IDENTITY[sdk=iphoneos*]" = "iPhone Developer";
				COPY_PHASE_STRIP = NO;
				GCC_C_LANGUAGE_STANDARD = gnu99;
				GCC_DYNAMIC_NO_PIC = NO;
				GCC_OPTIMIZATION_LEVEL = 0;
				GCC_PREPROCESSOR_DEFINITIONS = (
					"DEBUG=1",
					"$(inherited)",
				);
				GCC_SYMBOLS_PRIVATE_EXTERN = NO;
				GCC_WARN_64_TO_32_BIT_CONVERSION = YES;
				GCC_WARN_ABOUT_RETURN_TYPE = YES_ERROR;
				GCC_WARN_UNDECLARED_SELECTOR = YES;
				GCC_WARN_UNINITIALIZED_AUTOS = YES;
				GCC_WARN_UNUSED_FUNCTION = YES;
				GCC_WARN_UNUSED_VARIABLE = YES;
				IPHONEOS_DEPLOYMENT_TARGET = 7.0;
				ONLY_ACTIVE_ARCH = YES;
				SDKROOT = iphoneos;
				TARGETED_DEVICE_FAMILY = 2;
			};
			name = Debug;
		};
		51171551189A390200BE75A9 /* Release */ = {
			isa = XCBuildConfiguration;
			buildSettings = {
				ALWAYS_SEARCH_USER_PATHS = NO;
				ARCHS = "$(ARCHS_STANDARD_INCLUDING_64_BIT)";
				CLANG_CXX_LANGUAGE_STANDARD = "gnu++0x";
				CLANG_CXX_LIBRARY = "libc++";
				CLANG_ENABLE_MODULES = YES;
				CLANG_ENABLE_OBJC_ARC = YES;
				CLANG_WARN_BOOL_CONVERSION = YES;
				CLANG_WARN_CONSTANT_CONVERSION = YES;
				CLANG_WARN_DIRECT_OBJC_ISA_USAGE = YES_ERROR;
				CLANG_WARN_EMPTY_BODY = YES;
				CLANG_WARN_ENUM_CONVERSION = YES;
				CLANG_WARN_INT_CONVERSION = YES;
				CLANG_WARN_OBJC_ROOT_CLASS = YES_ERROR;
				CLANG_WARN__DUPLICATE_METHOD_MATCH = YES;
				"CODE_SIGN_IDENTITY[sdk=iphoneos*]" = "iPhone Developer";
				COPY_PHASE_STRIP = YES;
				ENABLE_NS_ASSERTIONS = NO;
				GCC_C_LANGUAGE_STANDARD = gnu99;
				GCC_WARN_64_TO_32_BIT_CONVERSION = YES;
				GCC_WARN_ABOUT_RETURN_TYPE = YES_ERROR;
				GCC_WARN_UNDECLARED_SELECTOR = YES;
				GCC_WARN_UNINITIALIZED_AUTOS = YES;
				GCC_WARN_UNUSED_FUNCTION = YES;
				GCC_WARN_UNUSED_VARIABLE = YES;
				IPHONEOS_DEPLOYMENT_TARGET = 7.0;
				SDKROOT = iphoneos;
				TARGETED_DEVICE_FAMILY = 2;
				VALIDATE_PRODUCT = YES;
			};
			name = Release;
		};
		51171553189A390200BE75A9 /* Debug */ = {
			isa = XCBuildConfiguration;
			buildSettings = {
				ASSETCATALOG_COMPILER_APPICON_NAME = AppIcon;
				ASSETCATALOG_COMPILER_LAUNCHIMAGE_NAME = LaunchImage;
				GCC_PRECOMPILE_PREFIX_HEADER = YES;
				GCC_PREFIX_HEADER = "Battleship/Battleship-Prefix.pch";
				INFOPLIST_FILE = "Battleship/Battleship-Info.plist";
				PRODUCT_NAME = "$(TARGET_NAME)";
				SPRITEKIT_TEXTURE_ATLAS_OUTPUT = YES;
				WRAPPER_EXTENSION = app;
			};
			name = Debug;
		};
		51171554189A390200BE75A9 /* Release */ = {
			isa = XCBuildConfiguration;
			buildSettings = {
				ASSETCATALOG_COMPILER_APPICON_NAME = AppIcon;
				ASSETCATALOG_COMPILER_LAUNCHIMAGE_NAME = LaunchImage;
				GCC_PRECOMPILE_PREFIX_HEADER = YES;
				GCC_PREFIX_HEADER = "Battleship/Battleship-Prefix.pch";
				INFOPLIST_FILE = "Battleship/Battleship-Info.plist";
				PRODUCT_NAME = "$(TARGET_NAME)";
				SPRITEKIT_TEXTURE_ATLAS_OUTPUT = YES;
				WRAPPER_EXTENSION = app;
			};
			name = Release;
		};
		51171556189A390200BE75A9 /* Debug */ = {
			isa = XCBuildConfiguration;
			buildSettings = {
				ARCHS = "$(ARCHS_STANDARD_INCLUDING_64_BIT)";
				BUNDLE_LOADER = "$(BUILT_PRODUCTS_DIR)/Battleship.app/Battleship";
				FRAMEWORK_SEARCH_PATHS = (
					"$(SDKROOT)/Developer/Library/Frameworks",
					"$(inherited)",
					"$(DEVELOPER_FRAMEWORKS_DIR)",
				);
				GCC_PRECOMPILE_PREFIX_HEADER = YES;
				GCC_PREFIX_HEADER = "Battleship/Battleship-Prefix.pch";
				GCC_PREPROCESSOR_DEFINITIONS = (
					"DEBUG=1",
					"$(inherited)",
				);
				INFOPLIST_FILE = "BattleshipTests/BattleshipTests-Info.plist";
				PRODUCT_NAME = "$(TARGET_NAME)";
				TEST_HOST = "$(BUNDLE_LOADER)";
				WRAPPER_EXTENSION = xctest;
			};
			name = Debug;
		};
		51171557189A390200BE75A9 /* Release */ = {
			isa = XCBuildConfiguration;
			buildSettings = {
				ARCHS = "$(ARCHS_STANDARD_INCLUDING_64_BIT)";
				BUNDLE_LOADER = "$(BUILT_PRODUCTS_DIR)/Battleship.app/Battleship";
				FRAMEWORK_SEARCH_PATHS = (
					"$(SDKROOT)/Developer/Library/Frameworks",
					"$(inherited)",
					"$(DEVELOPER_FRAMEWORKS_DIR)",
				);
				GCC_PRECOMPILE_PREFIX_HEADER = YES;
				GCC_PREFIX_HEADER = "Battleship/Battleship-Prefix.pch";
				INFOPLIST_FILE = "BattleshipTests/BattleshipTests-Info.plist";
				PRODUCT_NAME = "$(TARGET_NAME)";
				TEST_HOST = "$(BUNDLE_LOADER)";
				WRAPPER_EXTENSION = xctest;
			};
			name = Release;
		};
/* End XCBuildConfiguration section */

/* Begin XCConfigurationList section */
		51171514189A390200BE75A9 /* Build configuration list for PBXProject "Battleship" */ = {
			isa = XCConfigurationList;
			buildConfigurations = (
				51171550189A390200BE75A9 /* Debug */,
				51171551189A390200BE75A9 /* Release */,
			);
			defaultConfigurationIsVisible = 0;
			defaultConfigurationName = Release;
		};
		51171552189A390200BE75A9 /* Build configuration list for PBXNativeTarget "Battleship" */ = {
			isa = XCConfigurationList;
			buildConfigurations = (
				51171553189A390200BE75A9 /* Debug */,
				51171554189A390200BE75A9 /* Release */,
			);
			defaultConfigurationIsVisible = 0;
			defaultConfigurationName = Release;
		};
		51171555189A390200BE75A9 /* Build configuration list for PBXNativeTarget "BattleshipTests" */ = {
			isa = XCConfigurationList;
			buildConfigurations = (
				51171556189A390200BE75A9 /* Debug */,
				51171557189A390200BE75A9 /* Release */,
			);
			defaultConfigurationIsVisible = 0;
			defaultConfigurationName = Release;
		};
/* End XCConfigurationList section */
	};
	rootObject = 51171511189A390200BE75A9 /* Project object */;
}
